// !$*UTF8*$!
{
	archiveVersion = 1;
	classes = {
	};
	objectVersion = 46;
	objects = {

/* Begin PBXBuildFile section */
		3E96239A1CC3780F00432338 /* AppDelegate.swift in Sources */ = {isa = PBXBuildFile; fileRef = 3E9623991CC3780F00432338 /* AppDelegate.swift */; };
		3E96239C1CC3780F00432338 /* ViewController.swift in Sources */ = {isa = PBXBuildFile; fileRef = 3E96239B1CC3780F00432338 /* ViewController.swift */; };
		3E96239F1CC3780F00432338 /* Main.storyboard in Resources */ = {isa = PBXBuildFile; fileRef = 3E96239D1CC3780F00432338 /* Main.storyboard */; };
		3E9623A11CC3780F00432338 /* Assets.xcassets in Resources */ = {isa = PBXBuildFile; fileRef = 3E9623A01CC3780F00432338 /* Assets.xcassets */; };
		3E9623A41CC3780F00432338 /* LaunchScreen.storyboard in Resources */ = {isa = PBXBuildFile; fileRef = 3E9623A21CC3780F00432338 /* LaunchScreen.storyboard */; };
/* End PBXBuildFile section */

/* Begin PBXFileReference section */
		3E9623961CC3780F00432338 /* ShoeProject.app */ = {isa = PBXFileReference; explicitFileType = wrapper.application; includeInIndex = 0; path = ShoeProject.app; sourceTree = BUILT_PRODUCTS_DIR; };
		3E9623991CC3780F00432338 /* AppDelegate.swift */ = {isa = PBXFileReference; lastKnownFileType = sourcecode.swift; path = AppDelegate.swift; sourceTree = "<group>"; };
		3E96239B1CC3780F00432338 /* ViewController.swift */ = {isa = PBXFileReference; lastKnownFileType = sourcecode.swift; path = ViewController.swift; sourceTree = "<group>"; };
		3E96239E1CC3780F00432338 /* Base */ = {isa = PBXFileReference; lastKnownFileType = file.storyboard; name = Base; path = Base.lproj/Main.storyboard; sourceTree = "<group>"; };
		3E9623A01CC3780F00432338 /* Assets.xcassets */ = {isa = PBXFileReference; lastKnownFileType = folder.assetcatalog; path = Assets.xcassets; sourceTree = "<group>"; };
		3E9623A31CC3780F00432338 /* Base */ = {isa = PBXFileReference; lastKnownFileType = file.storyboard; name = Base; path = Base.lproj/LaunchScreen.storyboard; sourceTree = "<group>"; };
		3E9623A51CC3780F00432338 /* Info.plist */ = {isa = PBXFileReference; lastKnownFileType = text.plist.xml; path = Info.plist; sourceTree = "<group>"; };
/* End PBXFileReference section */

/* Begin PBXFrameworksBuildPhase section */
		3E9623931CC3780F00432338 /* Frameworks */ = {
			isa = PBXFrameworksBuildPhase;
			buildActionMask = 2147483647;
			files = (
			);
			runOnlyForDeploymentPostprocessing = 0;
		};
/* End PBXFrameworksBuildPhase section */

/* Begin PBXGroup section */
		3E96238D1CC3780F00432338 = {
			isa = PBXGroup;
			children = (
				3E9623981CC3780F00432338 /* ShoeProject */,
				3E9623971CC3780F00432338 /* Products */,
			);
			sourceTree = "<group>";
		};
		3E9623971CC3780F00432338 /* Products */ = {
			isa = PBXGroup;
			children = (
				3E9623961CC3780F00432338 /* ShoeProject.app */,
			);
			name = Products;
			sourceTree = "<group>";
		};
		3E9623981CC3780F00432338 /* ShoeProject */ = {
			isa = PBXGroup;
			children = (
				3E9623991CC3780F00432338 /* AppDelegate.swift */,
				3E96239B1CC3780F00432338 /* ViewController.swift */,
				3E96239D1CC3780F00432338 /* Main.storyboard */,
				3E9623A01CC3780F00432338 /* Assets.xcassets */,
				3E9623A21CC3780F00432338 /* LaunchScreen.storyboard */,
				3E9623A51CC3780F00432338 /* Info.plist */,
			);
			path = ShoeProject;
			sourceTree = "<group>";
		};
/* End PBXGroup section */

/* Begin PBXNativeTarget section */
		3E9623951CC3780F00432338 /* ShoeProject */ = {
			isa = PBXNativeTarget;
			buildConfigurationList = 3E9623A81CC3780F00432338 /* Build configuration list for PBXNativeTarget "ShoeProject" */;
			buildPhases = (
				3E9623921CC3780F00432338 /* Sources */,
				3E9623931CC3780F00432338 /* Frameworks */,
				3E9623941CC3780F00432338 /* Resources */,
			);
			buildRules = (
			);
			dependencies = (
			);
			name = ShoeProject;
			productName = ShoeProject;
			productReference = 3E9623961CC3780F00432338 /* ShoeProject.app */;
			productType = "com.apple.product-type.application";
		};
/* End PBXNativeTarget section */

/* Begin PBXProject section */
		3E96238E1CC3780F00432338 /* Project object */ = {
			isa = PBXProject;
			attributes = {
				LastSwiftUpdateCheck = 0730;
				LastUpgradeCheck = 0730;
				ORGANIZATIONNAME = "Surya Siwakoti";
				TargetAttributes = {
					3E9623951CC3780F00432338 = {
						CreatedOnToolsVersion = 7.3;
						DevelopmentTeam = 4539ATA832;
					};
				};
			};
			buildConfigurationList = 3E9623911CC3780F00432338 /* Build configuration list for PBXProject "ShoeProject" */;
			compatibilityVersion = "Xcode 3.2";
			developmentRegion = English;
			hasScannedForEncodings = 0;
			knownRegions = (
				en,
				Base,
			);
			mainGroup = 3E96238D1CC3780F00432338;
			productRefGroup = 3E9623971CC3780F00432338 /* Products */;
			projectDirPath = "";
			projectRoot = "";
			targets = (
				3E9623951CC3780F00432338 /* ShoeProject */,
			);
		};
/* End PBXProject section */

/* Begin PBXResourcesBuildPhase section */
		3E9623941CC3780F00432338 /* Resources */ = {
			isa = PBXResourcesBuildPhase;
			buildActionMask = 2147483647;
			files = (
				3E9623A41CC3780F00432338 /* LaunchScreen.storyboard in Resources */,
				3E9623A11CC3780F00432338 /* Assets.xcassets in Resources */,
				3E96239F1CC3780F00432338 /* Main.storyboard in Resources */,
			);
			runOnlyForDeploymentPostprocessing = 0;
		};
/* End PBXResourcesBuildPhase section */

/* Begin PBXSourcesBuildPhase section */
		3E9623921CC3780F00432338 /* Sources */ = {
			isa = PBXSourcesBuildPhase;
			buildActionMask = 2147483647;
			files = (
				3E96239C1CC3780F00432338 /* ViewController.swift in Sources */,
				3E96239A1CC3780F00432338 /* AppDelegate.swift in Sources */,
			);
			runOnlyForDeploymentPostprocessing = 0;
		};
/* End PBXSourcesBuildPhase section */

/* Begin PBXVariantGroup section */
		3E96239D1CC3780F00432338 /* Main.storyboard */ = {
			isa = PBXVariantGroup;
			children = (
				3E96239E1CC3780F00432338 /* Base */,
			);
			name = Main.storyboard;
			sourceTree = "<group>";
		};
		3E9623A21CC3780F00432338 /* LaunchScreen.storyboard */ = {
			isa = PBXVariantGroup;
			children = (
				3E9623A31CC3780F00432338 /* Base */,
			);
			name = LaunchScreen.storyboard;
			sourceTree = "<group>";
		};
/* End PBXVariantGroup section */

/* Begin XCBuildConfiguration section */
		3E9623A61CC3780F00432338 /* Debug */ = {
			isa = XCBuildConfiguration;
			buildSettings = {
				ALWAYS_SEARCH_USER_PATHS = NO;
				CLANG_ANALYZER_NONNULL = YES;
				CLANG_CXX_LANGUAGE_STANDARD = "gnu++0x";
				CLANG_CXX_LIBRARY = "libc++";
				CLANG_ENABLE_MODULES = YES;
				CLANG_ENABLE_OBJC_ARC = YES;
				CLANG_WARN_BOOL_CONVERSION = YES;
				CLANG_WARN_CONSTANT_CONVERSION = YES;
				CLANG_WARN_DIRECT_OBJC_ISA_USAGE = YES_ERROR;
				CLANG_WARN_EMPTY_BODY = YES;
				CLANG_WARN_ENUM_CONVERSION = YES;
				CLANG_WARN_INT_CONVERSION = YES;
				CLANG_WARN_OBJC_ROOT_CLASS = YES_ERROR;
				CLANG_WARN_UNREACHABLE_CODE = YES;
				CLANG_WARN__DUPLICATE_METHOD_MATCH = YES;
				"CODE_SIGN_IDENTITY[sdk=iphoneos*]" = "iPhone Developer";
				COPY_PHASE_STRIP = NO;
				DEBUG_INFORMATION_FORMAT = dwarf;
				ENABLE_STRICT_OBJC_MSGSEND = YES;
				ENABLE_TESTABILITY = YES;
				GCC_C_LANGUAGE_STANDARD = gnu99;
				GCC_DYNAMIC_NO_PIC = NO;
				GCC_NO_COMMON_BLOCKS = YES;
				GCC_OPTIMIZATION_LEVEL = 0;
				GCC_PREPROCESSOR_DEFINITIONS = (
					"DEBUG=1",
					"$(inherited)",
				);
				GCC_WARN_64_TO_32_BIT_CONVERSION = YES;
				GCC_WARN_ABOUT_RETURN_TYPE = YES_ERROR;
				GCC_WARN_UNDECLARED_SELECTOR = YES;
				GCC_WARN_UNINITIALIZED_AUTOS = YES_AGGRESSIVE;
				GCC_WARN_UNUSED_FUNCTION = YES;
				GCC_WARN_UNUSED_VARIABLE = YES;
				IPHONEOS_DEPLOYMENT_TARGET = 9.3;
				MTL_ENABLE_DEBUG_INFO = YES;
				ONLY_ACTIVE_ARCH = YES;
				SDKROOT = iphoneos;
				SWIFT_OPTIMIZATION_LEVEL = "-Onone";
			};
			name = Debug;
		};
		3E9623A71CC3780F00432338 /* Release */ = {
			isa = XCBuildConfiguration;
			buildSettings = {
				ALWAYS_SEARCH_USER_PATHS = NO;
				CLANG_ANALYZER_NONNULL = YES;
				CLANG_CXX_LANGUAGE_STANDARD = "gnu++0x";
				CLANG_CXX_LIBRARY = "libc++";
				CLANG_ENABLE_MODULES = YES;
				CLANG_ENABLE_OBJC_ARC = YES;
				CLANG_WARN_BOOL_CONVERSION = YES;
				CLANG_WARN_CONSTANT_CONVERSION = YES;
				CLANG_WARN_DIRECT_OBJC_ISA_USAGE = YES_ERROR;
				CLANG_WARN_EMPTY_BODY = YES;
				CLANG_WARN_ENUM_CONVERSION = YES;
				CLANG_WARN_INT_CONVERSION = YES;
				CLANG_WARN_OBJC_ROOT_CLASS = YES_ERROR;
				CLANG_WARN_UNREACHABLE_CODE = YES;
				CLANG_WARN__DUPLICATE_METHOD_MATCH = YES;
				"CODE_SIGN_IDENTITY[sdk=iphoneos*]" = "iPhone Developer";
				COPY_PHASE_STRIP = NO;
				DEBUG_INFORMATION_FORMAT = "dwarf-with-dsym";
				ENABLE_NS_ASSERTIONS = NO;
				ENABLE_STRICT_OBJC_MSGSEND = YES;
				GCC_C_LANGUAGE_STANDARD = gnu99;
				GCC_NO_COMMON_BLOCKS = YES;
				GCC_WARN_64_TO_32_BIT_CONVERSION = YES;
				GCC_WARN_ABOUT_RETURN_TYPE = YES_ERROR;
				GCC_WARN_UNDECLARED_SELECTOR = YES;
				GCC_WARN_UNINITIALIZED_AUTOS = YES_AGGRESSIVE;
				GCC_WARN_UNUSED_FUNCTION = YES;
				GCC_WARN_UNUSED_VARIABLE = YES;
				IPHONEOS_DEPLOYMENT_TARGET = 9.3;
				MTL_ENABLE_DEBUG_INFO = NO;
				SDKROOT = iphoneos;
				VALIDATE_PRODUCT = YES;
			};
			name = Release;
		};
		3E9623A91CC3780F00432338 /* Debug */ = {
			isa = XCBuildConfiguration;
			buildSettings = {
				ASSETCATALOG_COMPILER_APPICON_NAME = AppIcon;
				INFOPLIST_FILE = ShoeProject/Info.plist;
				LD_RUNPATH_SEARCH_PATHS = "$(inherited) @executable_path/Frameworks";
				PRODUCT_BUNDLE_IDENTIFIER = com.Surya.ShoeProject;
				PRODUCT_NAME = "$(TARGET_NAME)";
			};
			name = Debug;
		};
		3E9623AA1CC3780F00432338 /* Release */ = {
			isa = XCBuildConfiguration;
			buildSettings = {
				ASSETCATALOG_COMPILER_APPICON_NAME = AppIcon;
				INFOPLIST_FILE = ShoeProject/Info.plist;
				LD_RUNPATH_SEARCH_PATHS = "$(inherited) @executable_path/Frameworks";
				PRODUCT_BUNDLE_IDENTIFIER = com.Surya.ShoeProject;
				PRODUCT_NAME = "$(TARGET_NAME)";
			};
			name = Release;
		};
/* End XCBuildConfiguration section */

/* Begin XCConfigurationList section */
		3E9623911CC3780F00432338 /* Build configuration list for PBXProject "ShoeProject" */ = {
			isa = XCConfigurationList;
			buildConfigurations = (
				3E9623A61CC3780F00432338 /* Debug */,
				3E9623A71CC3780F00432338 /* Release */,
			);
			defaultConfigurationIsVisible = 0;
			defaultConfigurationName = Release;
		};
		3E9623A81CC3780F00432338 /* Build configuration list for PBXNativeTarget "ShoeProject" */ = {
			isa = XCConfigurationList;
			buildConfigurations = (
				3E9623A91CC3780F00432338 /* Debug */,
				3E9623AA1CC3780F00432338 /* Release */,
			);
			defaultConfigurationIsVisible = 0;
		};
/* End XCConfigurationList section */
	};
	rootObject = 3E96238E1CC3780F00432338 /* Project object */;
}
